
Microsoft Visual Studio Solution File, Format Version 12.00
# Visual Studio 15
VisualStudioVersion = 15.0.26730.16
MinimumVisualStudioVersion = 10.0.40219.1
Project("{FAE04EC0-301F-11D3-BF4B-00C04F79EFBC}") = "Vidly", "Vidly\Vidly.csproj", "{410BC3C9-5D0B-4A3B-9818-1A170539F1D7}"
EndProject
Global
	GlobalSection(SolutionConfigurationPlatforms) = preSolution
		Debug|Any CPU = Debug|Any CPU
		Release|Any CPU = Release|Any CPU
	EndGlobalSection
	GlobalSection(ProjectConfigurationPlatforms) = postSolution
		{410BC3C9-5D0B-4A3B-9818-1A170539F1D7}.Debug|Any CPU.ActiveCfg = Debug|Any CPU
		{410BC3C9-5D0B-4A3B-9818-1A170539F1D7}.Debug|Any CPU.Build.0 = Debug|Any CPU
		{410BC3C9-5D0B-4A3B-9818-1A170539F1D7}.Release|Any CPU.ActiveCfg = Release|Any CPU
		{410BC3C9-5D0B-4A3B-9818-1A170539F1D7}.Release|Any CPU.Build.0 = Release|Any CPU
	EndGlobalSection
	GlobalSection(SolutionProperties) = preSolution
		HideSolutionNode = FALSE
	EndGlobalSection
	GlobalSection(ExtensibilityGlobals) = postSolution
		SolutionGuid = {AB77F04D-9127-4D38-B533-CA7FE349F7E0}
	EndGlobalSection
EndGlobal
